{
  "version": "2",
  "remote": {
    "https://deno.land/std@0.170.0/_util/asserts.ts": "d0844e9b62510f89ce1f9878b046f6a57bf88f208a10304aab50efcb48365272",
    "https://deno.land/std@0.170.0/_util/os.ts": "8a33345f74990e627b9dfe2de9b040004b08ea5146c7c9e8fe9a29070d193934",
    "https://deno.land/std@0.170.0/path/_constants.ts": "df1db3ffa6dd6d1252cc9617e5d72165cd2483df90e93833e13580687b6083c3",
    "https://deno.land/std@0.170.0/path/_interface.ts": "ee3b431a336b80cf445441109d089b70d87d5e248f4f90ff906820889ecf8d09",
    "https://deno.land/std@0.170.0/path/_util.ts": "d16be2a16e1204b65f9d0dfc54a9bc472cafe5f4a190b3c8471ec2016ccd1677",
    "https://deno.land/std@0.170.0/path/common.ts": "bee563630abd2d97f99d83c96c2fa0cca7cee103e8cb4e7699ec4d5db7bd2633",
    "https://deno.land/std@0.170.0/path/glob.ts": "81cc6c72be002cd546c7a22d1f263f82f63f37fe0035d9726aa96fc8f6e4afa1",
    "https://deno.land/std@0.170.0/path/mod.ts": "cf7cec7ac11b7048bb66af8ae03513e66595c279c65cfa12bfc07d9599608b78",
    "https://deno.land/std@0.170.0/path/posix.ts": "b859684bc4d80edfd4cad0a82371b50c716330bed51143d6dcdbe59e6278b30c",
    "https://deno.land/std@0.170.0/path/separator.ts": "fe1816cb765a8068afb3e8f13ad272351c85cbc739af56dacfc7d93d710fe0f9",
    "https://deno.land/std@0.170.0/path/win32.ts": "7cebd2bda6657371adc00061a1d23fdd87bcdf64b4843bb148b0b24c11b40f69",
    "https://deno.land/std@0.178.0/_util/asserts.ts": "178dfc49a464aee693a7e285567b3d0b555dc805ff490505a8aae34f9cfb1462",
    "https://deno.land/std@0.178.0/_util/os.ts": "d932f56d41e4f6a6093d56044e29ce637f8dcc43c5a90af43504a889cf1775e3",
    "https://deno.land/std@0.178.0/path/_constants.ts": "e49961f6f4f48039c0dfed3c3f93e963ca3d92791c9d478ac5b43183413136e0",
    "https://deno.land/std@0.178.0/path/_interface.ts": "6471159dfbbc357e03882c2266d21ef9afdb1e4aa771b0545e90db58a0ba314b",
    "https://deno.land/std@0.178.0/path/_util.ts": "d7abb1e0dea065f427b89156e28cdeb32b045870acdf865833ba808a73b576d0",
    "https://deno.land/std@0.178.0/path/common.ts": "ee7505ab01fd22de3963b64e46cff31f40de34f9f8de1fff6a1bd2fe79380000",
    "https://deno.land/std@0.178.0/path/glob.ts": "d479e0a695621c94d3fd7fe7abd4f9499caf32a8de13f25073451c6ef420a4e1",
    "https://deno.land/std@0.178.0/path/mod.ts": "4b83694ac500d7d31b0cdafc927080a53dc0c3027eb2895790fb155082b0d232",
    "https://deno.land/std@0.178.0/path/posix.ts": "8b7c67ac338714b30c816079303d0285dd24af6b284f7ad63da5b27372a2c94d",
    "https://deno.land/std@0.178.0/path/separator.ts": "0fb679739d0d1d7bf45b68dacfb4ec7563597a902edbaf3c59b50d5bcadd93b1",
    "https://deno.land/std@0.178.0/path/win32.ts": "d186344e5583bcbf8b18af416d13d82b35a317116e6460a5a3953508c3de5bba",
    "https://deno.land/x/libclang@1.0.0-beta.3/BuildSystem.ts": "a03c1d3dbad1ce5d5e5409f7a23854087211f9a1bbac7e536576ae4e7e569e8c",
    "https://deno.land/x/libclang@1.0.0-beta.3/CXCompilationDatabase.ts": "643209a8964f4c2ed9d498137aa461db63e5919d21dec6ab5d891e96d6b23b61",
    "https://deno.land/x/libclang@1.0.0-beta.3/ffi.ts": "23997310ae2f1611fd9f4679876d624c2a5460d4b43f2acdc9724a7324429252",
    "https://deno.land/x/libclang@1.0.0-beta.3/include/BuildSystem.h.ts": "ba26f2a01b55723e5eb985e3156e9b7d6894954a352bbcebad6992fe99f41ee5",
    "https://deno.land/x/libclang@1.0.0-beta.3/include/CXCompilationDatabase.h.ts": "6df6c832a0d4e0469f8c8b0aeecc9017097d0cd69a66383ae15ed0fff45e39f9",
    "https://deno.land/x/libclang@1.0.0-beta.3/include/CXDiagnostic.h.ts": "08cd0444ad9806f03a779731c4a026d9aaea0e22bb2a336a1b546f656619e426",
    "https://deno.land/x/libclang@1.0.0-beta.3/include/CXFile.h.ts": "b86b4aa735bf920ada5e79775ce5a31cd7786007fa5957713d92c7f18a5eec60",
    "https://deno.land/x/libclang@1.0.0-beta.3/include/CXSourceLocation.h.ts": "6e87d111e0ca8fee4050362723372459ebc01694ca4fed6aeb08fe8cc401fe9b",
    "https://deno.land/x/libclang@1.0.0-beta.3/include/CXString.h.ts": "9b2b83f418eff5565668200ffc2a0cbbd8d7090d0bbe1eb7b229633788aa7a3a",
    "https://deno.land/x/libclang@1.0.0-beta.3/include/Documentation.h.ts": "3df3ec91482b5afe53c40016db2404ddc68798cbdc74b3b4ac3d7a77cc51dcb9",
    "https://deno.land/x/libclang@1.0.0-beta.3/include/FatalErrorHandler.h.ts": "094dc535116bc2d1eb83fdc52c00c93fceea5a1c011fbd2446f921bcb611cf34",
    "https://deno.land/x/libclang@1.0.0-beta.3/include/Index.h.ts": "cf63fbea154f1029f4f8eff7448a4db6fac0c015f553331ac5dce0c2cd876e48",
    "https://deno.land/x/libclang@1.0.0-beta.3/include/Rewrite.h.ts": "f38028a4cef48200d26d9b5b16412919972e6e0b19518659b6a00cf8c9d0a2fe",
    "https://deno.land/x/libclang@1.0.0-beta.3/include/typeDefinitions.ts": "7a13b4ce599d27bb384dca275ae672ac89ac508bbbd9a92d6bb912b0041cc438",
    "https://deno.land/x/libclang@1.0.0-beta.3/mod.ts": "2d59734aa0128d88181a683443f52435b818d0406b2730663015ffb25eddec76",
    "https://deno.land/x/libclang@1.0.0-beta.3/utils.ts": "3b72dc719ef8895d38fb5b6e84b0901956a64f79387d7e27a99fc8d8eb1f9a04",
    "https://deno.land/x/libclang@1.0.0-beta.4/BuildSystem.ts": "a03c1d3dbad1ce5d5e5409f7a23854087211f9a1bbac7e536576ae4e7e569e8c",
    "https://deno.land/x/libclang@1.0.0-beta.4/CXCompilationDatabase.ts": "643209a8964f4c2ed9d498137aa461db63e5919d21dec6ab5d891e96d6b23b61",
    "https://deno.land/x/libclang@1.0.0-beta.4/ffi.ts": "88a9fafb22fbb8b89a42131ffbfca9c74283d790b53205f17d19abeed029e005",
    "https://deno.land/x/libclang@1.0.0-beta.4/include/BuildSystem.h.ts": "ba26f2a01b55723e5eb985e3156e9b7d6894954a352bbcebad6992fe99f41ee5",
    "https://deno.land/x/libclang@1.0.0-beta.4/include/CXCompilationDatabase.h.ts": "6df6c832a0d4e0469f8c8b0aeecc9017097d0cd69a66383ae15ed0fff45e39f9",
    "https://deno.land/x/libclang@1.0.0-beta.4/include/CXDiagnostic.h.ts": "08cd0444ad9806f03a779731c4a026d9aaea0e22bb2a336a1b546f656619e426",
    "https://deno.land/x/libclang@1.0.0-beta.4/include/CXFile.h.ts": "b86b4aa735bf920ada5e79775ce5a31cd7786007fa5957713d92c7f18a5eec60",
    "https://deno.land/x/libclang@1.0.0-beta.4/include/CXSourceLocation.h.ts": "6e87d111e0ca8fee4050362723372459ebc01694ca4fed6aeb08fe8cc401fe9b",
    "https://deno.land/x/libclang@1.0.0-beta.4/include/CXString.h.ts": "9b2b83f418eff5565668200ffc2a0cbbd8d7090d0bbe1eb7b229633788aa7a3a",
    "https://deno.land/x/libclang@1.0.0-beta.4/include/Documentation.h.ts": "3df3ec91482b5afe53c40016db2404ddc68798cbdc74b3b4ac3d7a77cc51dcb9",
    "https://deno.land/x/libclang@1.0.0-beta.4/include/FatalErrorHandler.h.ts": "094dc535116bc2d1eb83fdc52c00c93fceea5a1c011fbd2446f921bcb611cf34",
    "https://deno.land/x/libclang@1.0.0-beta.4/include/Index.h.ts": "cf63fbea154f1029f4f8eff7448a4db6fac0c015f553331ac5dce0c2cd876e48",
    "https://deno.land/x/libclang@1.0.0-beta.4/include/Rewrite.h.ts": "f38028a4cef48200d26d9b5b16412919972e6e0b19518659b6a00cf8c9d0a2fe",
    "https://deno.land/x/libclang@1.0.0-beta.4/include/typeDefinitions.ts": "7a13b4ce599d27bb384dca275ae672ac89ac508bbbd9a92d6bb912b0041cc438",
    "https://deno.land/x/libclang@1.0.0-beta.4/mod.ts": "751129e6f70459183ffb855adb82f03bc4d161c7a5ce811c5b98cd551dd9fc0f",
    "https://deno.land/x/libclang@1.0.0-beta.4/utils.ts": "d7c606b72615020e222e690eb21487d4ed70cda031d7097ee359cc9e2608299e",
    "https://deno.land/x/libclang@1.0.0-beta.8/BuildSystem.ts": "02d72dd221396972e16cdbeaf6117a33ec5a4bfe1a134cb94c5a8aaaa5f7713e",
    "https://deno.land/x/libclang@1.0.0-beta.8/CXCompilationDatabase.ts": "16a82acf5de22d0220a9abeda2b23f78d7962b11975a00561a894ab56aafa127",
    "https://deno.land/x/libclang@1.0.0-beta.8/ffi.ts": "d3ca6faf774a2511afea3c686440fa6bf87cd0caa6bfc6a488854f539ad74a4d",
    "https://deno.land/x/libclang@1.0.0-beta.8/include/BuildSystem.h.ts": "ba26f2a01b55723e5eb985e3156e9b7d6894954a352bbcebad6992fe99f41ee5",
    "https://deno.land/x/libclang@1.0.0-beta.8/include/CXCompilationDatabase.h.ts": "6df6c832a0d4e0469f8c8b0aeecc9017097d0cd69a66383ae15ed0fff45e39f9",
    "https://deno.land/x/libclang@1.0.0-beta.8/include/CXDiagnostic.h.ts": "08cd0444ad9806f03a779731c4a026d9aaea0e22bb2a336a1b546f656619e426",
    "https://deno.land/x/libclang@1.0.0-beta.8/include/CXFile.h.ts": "b86b4aa735bf920ada5e79775ce5a31cd7786007fa5957713d92c7f18a5eec60",
    "https://deno.land/x/libclang@1.0.0-beta.8/include/CXSourceLocation.h.ts": "6e87d111e0ca8fee4050362723372459ebc01694ca4fed6aeb08fe8cc401fe9b",
    "https://deno.land/x/libclang@1.0.0-beta.8/include/CXString.h.ts": "9b2b83f418eff5565668200ffc2a0cbbd8d7090d0bbe1eb7b229633788aa7a3a",
    "https://deno.land/x/libclang@1.0.0-beta.8/include/Documentation.h.ts": "9fe0b0071ee01438cd5d52447e8a0d96bb8f8700b8b68bada3c0db3f001e9382",
    "https://deno.land/x/libclang@1.0.0-beta.8/include/FatalErrorHandler.h.ts": "094dc535116bc2d1eb83fdc52c00c93fceea5a1c011fbd2446f921bcb611cf34",
    "https://deno.land/x/libclang@1.0.0-beta.8/include/Index.h.ts": "19317fac65e39a7b45f249d09c524e573b8de4fba058cb4fdee766e81acf435d",
    "https://deno.land/x/libclang@1.0.0-beta.8/include/Rewrite.h.ts": "f38028a4cef48200d26d9b5b16412919972e6e0b19518659b6a00cf8c9d0a2fe",
    "https://deno.land/x/libclang@1.0.0-beta.8/include/typeDefinitions.ts": "898122d7687c7237bbe53d7b47a941d1393cadbb63212fb4cb048d5dfaa8e9d8",
    "https://deno.land/x/libclang@1.0.0-beta.8/mod.ts": "937ca20a475ba6fc24c25f793176233dcefc64851cc72326e33055e63ebc8ae3",
    "https://deno.land/x/libclang@1.0.0-beta.8/utils.ts": "797d1686287966e61db8b83631ee005b0e9d88ac3906fcc56beda139ce5b56e8"
  }
}
